// !$*UTF8*$!
{
	archiveVersion = 1;
	classes = {
	};
	objectVersion = 50;
	objects = {

/* Begin PBXBuildFile section */
		F4A36F8724B04B2E00D3E29A /* AppDelegate.swift in Sources */ = {isa = PBXBuildFile; fileRef = F4A36F8624B04B2E00D3E29A /* AppDelegate.swift */; };
		F4A36F8924B04B2E00D3E29A /* SceneDelegate.swift in Sources */ = {isa = PBXBuildFile; fileRef = F4A36F8824B04B2E00D3E29A /* SceneDelegate.swift */; };
		F4A36F8B24B04B2E00D3E29A /* ViewController.swift in Sources */ = {isa = PBXBuildFile; fileRef = F4A36F8A24B04B2E00D3E29A /* ViewController.swift */; };
		F4A36F8E24B04B2E00D3E29A /* Main.storyboard in Resources */ = {isa = PBXBuildFile; fileRef = F4A36F8C24B04B2E00D3E29A /* Main.storyboard */; };
		F4A36F9124B04B2E00D3E29A /* Tech_Stocks.xcdatamodeld in Sources */ = {isa = PBXBuildFile; fileRef = F4A36F8F24B04B2E00D3E29A /* Tech_Stocks.xcdatamodeld */; };
		F4A36F9324B04B3000D3E29A /* Assets.xcassets in Resources */ = {isa = PBXBuildFile; fileRef = F4A36F9224B04B3000D3E29A /* Assets.xcassets */; };
		F4A36F9624B04B3000D3E29A /* LaunchScreen.storyboard in Resources */ = {isa = PBXBuildFile; fileRef = F4A36F9424B04B3000D3E29A /* LaunchScreen.storyboard */; };
/* End PBXBuildFile section */

/* Begin PBXFileReference section */
		F4A36F8324B04B2E00D3E29A /* Tech Stocks.app */ = {isa = PBXFileReference; explicitFileType = wrapper.application; includeInIndex = 0; path = "Tech Stocks.app"; sourceTree = BUILT_PRODUCTS_DIR; };
		F4A36F8624B04B2E00D3E29A /* AppDelegate.swift */ = {isa = PBXFileReference; lastKnownFileType = sourcecode.swift; path = AppDelegate.swift; sourceTree = "<group>"; };
		F4A36F8824B04B2E00D3E29A /* SceneDelegate.swift */ = {isa = PBXFileReference; lastKnownFileType = sourcecode.swift; path = SceneDelegate.swift; sourceTree = "<group>"; };
		F4A36F8A24B04B2E00D3E29A /* ViewController.swift */ = {isa = PBXFileReference; lastKnownFileType = sourcecode.swift; path = ViewController.swift; sourceTree = "<group>"; };
		F4A36F8D24B04B2E00D3E29A /* Base */ = {isa = PBXFileReference; lastKnownFileType = file.storyboard; name = Base; path = Base.lproj/Main.storyboard; sourceTree = "<group>"; };
		F4A36F9024B04B2E00D3E29A /* Tech_Stocks.xcdatamodel */ = {isa = PBXFileReference; lastKnownFileType = wrapper.xcdatamodel; path = Tech_Stocks.xcdatamodel; sourceTree = "<group>"; };
		F4A36F9224B04B3000D3E29A /* Assets.xcassets */ = {isa = PBXFileReference; lastKnownFileType = folder.assetcatalog; path = Assets.xcassets; sourceTree = "<group>"; };
		F4A36F9524B04B3000D3E29A /* Base */ = {isa = PBXFileReference; lastKnownFileType = file.storyboard; name = Base; path = Base.lproj/LaunchScreen.storyboard; sourceTree = "<group>"; };
		F4A36F9724B04B3000D3E29A /* Info.plist */ = {isa = PBXFileReference; lastKnownFileType = text.plist.xml; path = Info.plist; sourceTree = "<group>"; };
/* End PBXFileReference section */

/* Begin PBXFrameworksBuildPhase section */
		F4A36F8024B04B2E00D3E29A /* Frameworks */ = {
			isa = PBXFrameworksBuildPhase;
			buildActionMask = 2147483647;
			files = (
			);
			runOnlyForDeploymentPostprocessing = 0;
		};
/* End PBXFrameworksBuildPhase section */

/* Begin PBXGroup section */
		F4A36F7A24B04B2E00D3E29A = {
			isa = PBXGroup;
			children = (
				F4A36F8524B04B2E00D3E29A /* Tech Stocks */,
				F4A36F8424B04B2E00D3E29A /* Products */,
			);
			sourceTree = "<group>";
		};
		F4A36F8424B04B2E00D3E29A /* Products */ = {
			isa = PBXGroup;
			children = (
				F4A36F8324B04B2E00D3E29A /* Tech Stocks.app */,
			);
			name = Products;
			sourceTree = "<group>";
		};
		F4A36F8524B04B2E00D3E29A /* Tech Stocks */ = {
			isa = PBXGroup;
			children = (
				F4A36F8624B04B2E00D3E29A /* AppDelegate.swift */,
				F4A36F8824B04B2E00D3E29A /* SceneDelegate.swift */,
				F4A36F8A24B04B2E00D3E29A /* ViewController.swift */,
				F4A36F8C24B04B2E00D3E29A /* Main.storyboard */,
				F4A36F9224B04B3000D3E29A /* Assets.xcassets */,
				F4A36F9424B04B3000D3E29A /* LaunchScreen.storyboard */,
				F4A36F9724B04B3000D3E29A /* Info.plist */,
				F4A36F8F24B04B2E00D3E29A /* Tech_Stocks.xcdatamodeld */,
			);
			path = "Tech Stocks";
			sourceTree = "<group>";
		};
/* End PBXGroup section */

/* Begin PBXNativeTarget section */
		F4A36F8224B04B2E00D3E29A /* Tech Stocks */ = {
			isa = PBXNativeTarget;
			buildConfigurationList = F4A36F9A24B04B3000D3E29A /* Build configuration list for PBXNativeTarget "Tech Stocks" */;
			buildPhases = (
				F4A36F7F24B04B2E00D3E29A /* Sources */,
				F4A36F8024B04B2E00D3E29A /* Frameworks */,
				F4A36F8124B04B2E00D3E29A /* Resources */,
			);
			buildRules = (
			);
			dependencies = (
			);
			name = "Tech Stocks";
			productName = "Tech Stocks";
			productReference = F4A36F8324B04B2E00D3E29A /* Tech Stocks.app */;
			productType = "com.apple.product-type.application";
		};
/* End PBXNativeTarget section */

/* Begin PBXProject section */
		F4A36F7B24B04B2E00D3E29A /* Project object */ = {
			isa = PBXProject;
			attributes = {
				LastSwiftUpdateCheck = 1150;
				LastUpgradeCheck = 1150;
				ORGANIZATIONNAME = "Toluwani Ogunsanya";
				TargetAttributes = {
					F4A36F8224B04B2E00D3E29A = {
						CreatedOnToolsVersion = 11.5;
					};
				};
			};
			buildConfigurationList = F4A36F7E24B04B2E00D3E29A /* Build configuration list for PBXProject "Tech Stocks" */;
			compatibilityVersion = "Xcode 9.3";
			developmentRegion = en;
			hasScannedForEncodings = 0;
			knownRegions = (
				en,
				Base,
			);
			mainGroup = F4A36F7A24B04B2E00D3E29A;
			productRefGroup = F4A36F8424B04B2E00D3E29A /* Products */;
			projectDirPath = "";
			projectRoot = "";
			targets = (
				F4A36F8224B04B2E00D3E29A /* Tech Stocks */,
			);
		};
/* End PBXProject section */

/* Begin PBXResourcesBuildPhase section */
		F4A36F8124B04B2E00D3E29A /* Resources */ = {
			isa = PBXResourcesBuildPhase;
			buildActionMask = 2147483647;
			files = (
				F4A36F9624B04B3000D3E29A /* LaunchScreen.storyboard in Resources */,
				F4A36F9324B04B3000D3E29A /* Assets.xcassets in Resources */,
				F4A36F8E24B04B2E00D3E29A /* Main.storyboard in Resources */,
			);
			runOnlyForDeploymentPostprocessing = 0;
		};
/* End PBXResourcesBuildPhase section */

/* Begin PBXSourcesBuildPhase section */
		F4A36F7F24B04B2E00D3E29A /* Sources */ = {
			isa = PBXSourcesBuildPhase;
			buildActionMask = 2147483647;
			files = (
				F4A36F8B24B04B2E00D3E29A /* ViewController.swift in Sources */,
				F4A36F8724B04B2E00D3E29A /* AppDelegate.swift in Sources */,
				F4A36F9124B04B2E00D3E29A /* Tech_Stocks.xcdatamodeld in Sources */,
				F4A36F8924B04B2E00D3E29A /* SceneDelegate.swift in Sources */,
			);
			runOnlyForDeploymentPostprocessing = 0;
		};
/* End PBXSourcesBuildPhase section */

/* Begin PBXVariantGroup section */
		F4A36F8C24B04B2E00D3E29A /* Main.storyboard */ = {
			isa = PBXVariantGroup;
			children = (
				F4A36F8D24B04B2E00D3E29A /* Base */,
			);
			name = Main.storyboard;
			sourceTree = "<group>";
		};
		F4A36F9424B04B3000D3E29A /* LaunchScreen.storyboard */ = {
			isa = PBXVariantGroup;
			children = (
				F4A36F9524B04B3000D3E29A /* Base */,
			);
			name = LaunchScreen.storyboard;
			sourceTree = "<group>";
		};
/* End PBXVariantGroup section */

/* Begin XCBuildConfiguration section */
		F4A36F9824B04B3000D3E29A /* Debug */ = {
			isa = XCBuildConfiguration;
			buildSettings = {
				ALWAYS_SEARCH_USER_PATHS = NO;
				CLANG_ANALYZER_NONNULL = YES;
				CLANG_ANALYZER_NUMBER_OBJECT_CONVERSION = YES_AGGRESSIVE;
				CLANG_CXX_LANGUAGE_STANDARD = "gnu++14";
				CLANG_CXX_LIBRARY = "libc++";
				CLANG_ENABLE_MODULES = YES;
				CLANG_ENABLE_OBJC_ARC = YES;
				CLANG_ENABLE_OBJC_WEAK = YES;
				CLANG_WARN_BLOCK_CAPTURE_AUTORELEASING = YES;
				CLANG_WARN_BOOL_CONVERSION = YES;
				CLANG_WARN_COMMA = YES;
				CLANG_WARN_CONSTANT_CONVERSION = YES;
				CLANG_WARN_DEPRECATED_OBJC_IMPLEMENTATIONS = YES;
				CLANG_WARN_DIRECT_OBJC_ISA_USAGE = YES_ERROR;
				CLANG_WARN_DOCUMENTATION_COMMENTS = YES;
				CLANG_WARN_EMPTY_BODY = YES;
				CLANG_WARN_ENUM_CONVERSION = YES;
				CLANG_WARN_INFINITE_RECURSION = YES;
				CLANG_WARN_INT_CONVERSION = YES;
				CLANG_WARN_NON_LITERAL_NULL_CONVERSION = YES;
				CLANG_WARN_OBJC_IMPLICIT_RETAIN_SELF = YES;
				CLANG_WARN_OBJC_LITERAL_CONVERSION = YES;
				CLANG_WARN_OBJC_ROOT_CLASS = YES_ERROR;
				CLANG_WARN_RANGE_LOOP_ANALYSIS = YES;
				CLANG_WARN_STRICT_PROTOTYPES = YES;
				CLANG_WARN_SUSPICIOUS_MOVE = YES;
				CLANG_WARN_UNGUARDED_AVAILABILITY = YES_AGGRESSIVE;
				CLANG_WARN_UNREACHABLE_CODE = YES;
				CLANG_WARN__DUPLICATE_METHOD_MATCH = YES;
				COPY_PHASE_STRIP = NO;
				DEBUG_INFORMATION_FORMAT = dwarf;
				ENABLE_STRICT_OBJC_MSGSEND = YES;
				ENABLE_TESTABILITY = YES;
				GCC_C_LANGUAGE_STANDARD = gnu11;
				GCC_DYNAMIC_NO_PIC = NO;
				GCC_NO_COMMON_BLOCKS = YES;
				GCC_OPTIMIZATION_LEVEL = 0;
				GCC_PREPROCESSOR_DEFINITIONS = (
					"DEBUG=1",
					"$(inherited)",
				);
				GCC_WARN_64_TO_32_BIT_CONVERSION = YES;
				GCC_WARN_ABOUT_RETURN_TYPE = YES_ERROR;
				GCC_WARN_UNDECLARED_SELECTOR = YES;
				GCC_WARN_UNINITIALIZED_AUTOS = YES_AGGRESSIVE;
				GCC_WARN_UNUSED_FUNCTION = YES;
				GCC_WARN_UNUSED_VARIABLE = YES;
				IPHONEOS_DEPLOYMENT_TARGET = 13.5;
				MTL_ENABLE_DEBUG_INFO = INCLUDE_SOURCE;
				MTL_FAST_MATH = YES;
				ONLY_ACTIVE_ARCH = YES;
				SDKROOT = iphoneos;
				SWIFT_ACTIVE_COMPILATION_CONDITIONS = DEBUG;
				SWIFT_OPTIMIZATION_LEVEL = "-Onone";
			};
			name = Debug;
		};
		F4A36F9924B04B3000D3E29A /* Release */ = {
			isa = XCBuildConfiguration;
			buildSettings = {
				ALWAYS_SEARCH_USER_PATHS = NO;
				CLANG_ANALYZER_NONNULL = YES;
				CLANG_ANALYZER_NUMBER_OBJECT_CONVERSION = YES_AGGRESSIVE;
				CLANG_CXX_LANGUAGE_STANDARD = "gnu++14";
				CLANG_CXX_LIBRARY = "libc++";
				CLANG_ENABLE_MODULES = YES;
				CLANG_ENABLE_OBJC_ARC = YES;
				CLANG_ENABLE_OBJC_WEAK = YES;
				CLANG_WARN_BLOCK_CAPTURE_AUTORELEASING = YES;
				CLANG_WARN_BOOL_CONVERSION = YES;
				CLANG_WARN_COMMA = YES;
				CLANG_WARN_CONSTANT_CONVERSION = YES;
				CLANG_WARN_DEPRECATED_OBJC_IMPLEMENTATIONS = YES;
				CLANG_WARN_DIRECT_OBJC_ISA_USAGE = YES_ERROR;
				CLANG_WARN_DOCUMENTATION_COMMENTS = YES;
				CLANG_WARN_EMPTY_BODY = YES;
				CLANG_WARN_ENUM_CONVERSION = YES;
				CLANG_WARN_INFINITE_RECURSION = YES;
				CLANG_WARN_INT_CONVERSION = YES;
				CLANG_WARN_NON_LITERAL_NULL_CONVERSION = YES;
				CLANG_WARN_OBJC_IMPLICIT_RETAIN_SELF = YES;
				CLANG_WARN_OBJC_LITERAL_CONVERSION = YES;
				CLANG_WARN_OBJC_ROOT_CLASS = YES_ERROR;
				CLANG_WARN_RANGE_LOOP_ANALYSIS = YES;
				CLANG_WARN_STRICT_PROTOTYPES = YES;
				CLANG_WARN_SUSPICIOUS_MOVE = YES;
				CLANG_WARN_UNGUARDED_AVAILABILITY = YES_AGGRESSIVE;
				CLANG_WARN_UNREACHABLE_CODE = YES;
				CLANG_WARN__DUPLICATE_METHOD_MATCH = YES;
				COPY_PHASE_STRIP = NO;
				DEBUG_INFORMATION_FORMAT = "dwarf-with-dsym";
				ENABLE_NS_ASSERTIONS = NO;
				ENABLE_STRICT_OBJC_MSGSEND = YES;
				GCC_C_LANGUAGE_STANDARD = gnu11;
				GCC_NO_COMMON_BLOCKS = YES;
				GCC_WARN_64_TO_32_BIT_CONVERSION = YES;
				GCC_WARN_ABOUT_RETURN_TYPE = YES_ERROR;
				GCC_WARN_UNDECLARED_SELECTOR = YES;
				GCC_WARN_UNINITIALIZED_AUTOS = YES_AGGRESSIVE;
				GCC_WARN_UNUSED_FUNCTION = YES;
				GCC_WARN_UNUSED_VARIABLE = YES;
				IPHONEOS_DEPLOYMENT_TARGET = 13.5;
				MTL_ENABLE_DEBUG_INFO = NO;
				MTL_FAST_MATH = YES;
				SDKROOT = iphoneos;
				SWIFT_COMPILATION_MODE = wholemodule;
				SWIFT_OPTIMIZATION_LEVEL = "-O";
				VALIDATE_PRODUCT = YES;
			};
			name = Release;
		};
		F4A36F9B24B04B3000D3E29A /* Debug */ = {
			isa = XCBuildConfiguration;
			buildSettings = {
				ASSETCATALOG_COMPILER_APPICON_NAME = AppIcon;
				CODE_SIGN_STYLE = Automatic;
				DEVELOPMENT_TEAM = 2C6K4G3D2Y;
				INFOPLIST_FILE = "Tech Stocks/Info.plist";
				LD_RUNPATH_SEARCH_PATHS = (
					"$(inherited)",
					"@executable_path/Frameworks",
				);
				PRODUCT_BUNDLE_IDENTIFIER = "com.toluog.Tech-Stocks";
				PRODUCT_NAME = "$(TARGET_NAME)";
				SWIFT_VERSION = 5.0;
				TARGETED_DEVICE_FAMILY = "1,2";
			};
			name = Debug;
		};
		F4A36F9C24B04B3000D3E29A /* Release */ = {
			isa = XCBuildConfiguration;
			buildSettings = {
				ASSETCATALOG_COMPILER_APPICON_NAME = AppIcon;
				CODE_SIGN_STYLE = Automatic;
				DEVELOPMENT_TEAM = 2C6K4G3D2Y;
				INFOPLIST_FILE = "Tech Stocks/Info.plist";
				LD_RUNPATH_SEARCH_PATHS = (
					"$(inherited)",
					"@executable_path/Frameworks",
				);
				PRODUCT_BUNDLE_IDENTIFIER = "com.toluog.Tech-Stocks";
				PRODUCT_NAME = "$(TARGET_NAME)";
				SWIFT_VERSION = 5.0;
				TARGETED_DEVICE_FAMILY = "1,2";
			};
			name = Release;
		};
/* End XCBuildConfiguration section */

/* Begin XCConfigurationList section */
		F4A36F7E24B04B2E00D3E29A /* Build configuration list for PBXProject "Tech Stocks" */ = {
			isa = XCConfigurationList;
			buildConfigurations = (
				F4A36F9824B04B3000D3E29A /* Debug */,
				F4A36F9924B04B3000D3E29A /* Release */,
			);
			defaultConfigurationIsVisible = 0;
			defaultConfigurationName = Release;
		};
		F4A36F9A24B04B3000D3E29A /* Build configuration list for PBXNativeTarget "Tech Stocks" */ = {
			isa = XCConfigurationList;
			buildConfigurations = (
				F4A36F9B24B04B3000D3E29A /* Debug */,
				F4A36F9C24B04B3000D3E29A /* Release */,
			);
			defaultConfigurationIsVisible = 0;
			defaultConfigurationName = Release;
		};
/* End XCConfigurationList section */

/* Begin XCVersionGroup section */
		F4A36F8F24B04B2E00D3E29A /* Tech_Stocks.xcdatamodeld */ = {
			isa = XCVersionGroup;
			children = (
				F4A36F9024B04B2E00D3E29A /* Tech_Stocks.xcdatamodel */,
			);
			currentVersion = F4A36F9024B04B2E00D3E29A /* Tech_Stocks.xcdatamodel */;
			path = Tech_Stocks.xcdatamodeld;
			sourceTree = "<group>";
			versionGroupType = wrapper.xcdatamodel;
		};
/* End XCVersionGroup section */
	};
	rootObject = F4A36F7B24B04B2E00D3E29A /* Project object */;
}
